// !$*UTF8*$!
{
	archiveVersion = 1;
	classes = {
	};
	objectVersion = 77;
	objects = {

/* Begin PBXCopyFilesBuildPhase section */
		CDDAAA0A2E83BD4B00E117E7 /* CopyFiles */ = {
			isa = PBXCopyFilesBuildPhase;
			buildActionMask = 2147483647;
			dstPath = /usr/share/man/man1/;
			dstSubfolderSpec = 0;
			files = (
			);
			runOnlyForDeploymentPostprocessing = 1;
		};
		CDDAAA182E83BDB300E117E7 /* CopyFiles */ = {
			isa = PBXCopyFilesBuildPhase;
			buildActionMask = 2147483647;
			dstPath = /usr/share/man/man1/;
			dstSubfolderSpec = 0;
			files = (
			);
			runOnlyForDeploymentPostprocessing = 1;
		};
		CDDAAA262E83BFE700E117E7 /* CopyFiles */ = {
			isa = PBXCopyFilesBuildPhase;
			buildActionMask = 2147483647;
			dstPath = /usr/share/man/man1/;
			dstSubfolderSpec = 0;
			files = (
			);
			runOnlyForDeploymentPostprocessing = 1;
		};
		CDDAAABA2E83DBA000E117E7 /* CopyFiles */ = {
			isa = PBXCopyFilesBuildPhase;
			buildActionMask = 2147483647;
			dstPath = /usr/share/man/man1/;
			dstSubfolderSpec = 0;
			files = (
			);
			runOnlyForDeploymentPostprocessing = 1;
		};
/* End PBXCopyFilesBuildPhase section */

/* Begin PBXFileReference section */
		CDDAAA0C2E83BD4B00E117E7 /* Introduction */ = {isa = PBXFileReference; explicitFileType = "compiled.mach-o.executable"; includeInIndex = 0; path = Introduction; sourceTree = BUILT_PRODUCTS_DIR; };
		CDDAAA1A2E83BDB300E117E7 /* Basics */ = {isa = PBXFileReference; explicitFileType = "compiled.mach-o.executable"; includeInIndex = 0; path = Basics; sourceTree = BUILT_PRODUCTS_DIR; };
		CDDAAA282E83BFE700E117E7 /* DataTypes */ = {isa = PBXFileReference; explicitFileType = "compiled.mach-o.executable"; includeInIndex = 0; path = DataTypes; sourceTree = BUILT_PRODUCTS_DIR; };
		CDDAAABC2E83DBA000E117E7 /* ClassesAndObjects */ = {isa = PBXFileReference; explicitFileType = "compiled.mach-o.executable"; includeInIndex = 0; path = ClassesAndObjects; sourceTree = BUILT_PRODUCTS_DIR; };
/* End PBXFileReference section */

/* Begin PBXFileSystemSynchronizedRootGroup section */
		CDDAAA0E2E83BD4B00E117E7 /* Introduction */ = {
			isa = PBXFileSystemSynchronizedRootGroup;
			path = Introduction;
			sourceTree = "<group>";
		};
		CDDAAA1B2E83BDB300E117E7 /* Basics */ = {
			isa = PBXFileSystemSynchronizedRootGroup;
			path = Basics;
			sourceTree = "<group>";
		};
		CDDAAA292E83BFE700E117E7 /* DataTypes */ = {
			isa = PBXFileSystemSynchronizedRootGroup;
			path = DataTypes;
			sourceTree = "<group>";
		};
		CDDAAABD2E83DBA000E117E7 /* ClassesAndObjects */ = {
			isa = PBXFileSystemSynchronizedRootGroup;
			path = ClassesAndObjects;
			sourceTree = "<group>";
		};
/* End PBXFileSystemSynchronizedRootGroup section */

/* Begin PBXFrameworksBuildPhase section */
		CDDAAA092E83BD4B00E117E7 /* Frameworks */ = {
			isa = PBXFrameworksBuildPhase;
			buildActionMask = 2147483647;
			files = (
			);
			runOnlyForDeploymentPostprocessing = 0;
		};
		CDDAAA172E83BDB300E117E7 /* Frameworks */ = {
			isa = PBXFrameworksBuildPhase;
			buildActionMask = 2147483647;
			files = (
			);
			runOnlyForDeploymentPostprocessing = 0;
		};
		CDDAAA252E83BFE700E117E7 /* Frameworks */ = {
			isa = PBXFrameworksBuildPhase;
			buildActionMask = 2147483647;
			files = (
			);
			runOnlyForDeploymentPostprocessing = 0;
		};
		CDDAAAB92E83DBA000E117E7 /* Frameworks */ = {
			isa = PBXFrameworksBuildPhase;
			buildActionMask = 2147483647;
			files = (
			);
			runOnlyForDeploymentPostprocessing = 0;
		};
/* End PBXFrameworksBuildPhase section */

/* Begin PBXGroup section */
		CDDAAA032E83BD4B00E117E7 = {
			isa = PBXGroup;
			children = (
				CDDAAA0E2E83BD4B00E117E7 /* Introduction */,
				CDDAAA1B2E83BDB300E117E7 /* Basics */,
				CDDAAA292E83BFE700E117E7 /* DataTypes */,
				CDDAAABD2E83DBA000E117E7 /* ClassesAndObjects */,
				CDDAAA0D2E83BD4B00E117E7 /* Products */,
			);
			sourceTree = "<group>";
		};
		CDDAAA0D2E83BD4B00E117E7 /* Products */ = {
			isa = PBXGroup;
			children = (
				CDDAAA0C2E83BD4B00E117E7 /* Introduction */,
				CDDAAA1A2E83BDB300E117E7 /* Basics */,
				CDDAAA282E83BFE700E117E7 /* DataTypes */,
				CDDAAABC2E83DBA000E117E7 /* ClassesAndObjects */,
			);
			name = Products;
			sourceTree = "<group>";
		};
/* End PBXGroup section */

/* Begin PBXNativeTarget section */
		CDDAAA0B2E83BD4B00E117E7 /* Introduction */ = {
			isa = PBXNativeTarget;
			buildConfigurationList = CDDAAA132E83BD4B00E117E7 /* Build configuration list for PBXNativeTarget "Introduction" */;
			buildPhases = (
				CDDAAA082E83BD4B00E117E7 /* Sources */,
				CDDAAA092E83BD4B00E117E7 /* Frameworks */,
				CDDAAA0A2E83BD4B00E117E7 /* CopyFiles */,
			);
			buildRules = (
			);
			dependencies = (
			);
			fileSystemSynchronizedGroups = (
				CDDAAA0E2E83BD4B00E117E7 /* Introduction */,
			);
			name = Introduction;
			packageProductDependencies = (
			);
			productName = Introduction;
			productReference = CDDAAA0C2E83BD4B00E117E7 /* Introduction */;
			productType = "com.apple.product-type.tool";
		};
		CDDAAA192E83BDB300E117E7 /* Basics */ = {
			isa = PBXNativeTarget;
			buildConfigurationList = CDDAAA1E2E83BDB300E117E7 /* Build configuration list for PBXNativeTarget "Basics" */;
			buildPhases = (
				CDDAAA162E83BDB300E117E7 /* Sources */,
				CDDAAA172E83BDB300E117E7 /* Frameworks */,
				CDDAAA182E83BDB300E117E7 /* CopyFiles */,
			);
			buildRules = (
			);
			dependencies = (
			);
			fileSystemSynchronizedGroups = (
				CDDAAA1B2E83BDB300E117E7 /* Basics */,
			);
			name = Basics;
			packageProductDependencies = (
			);
			productName = Basics;
			productReference = CDDAAA1A2E83BDB300E117E7 /* Basics */;
			productType = "com.apple.product-type.tool";
		};
		CDDAAA272E83BFE700E117E7 /* DataTypes */ = {
			isa = PBXNativeTarget;
			buildConfigurationList = CDDAAA2C2E83BFE700E117E7 /* Build configuration list for PBXNativeTarget "DataTypes" */;
			buildPhases = (
				CDDAAA242E83BFE700E117E7 /* Sources */,
				CDDAAA252E83BFE700E117E7 /* Frameworks */,
				CDDAAA262E83BFE700E117E7 /* CopyFiles */,
			);
			buildRules = (
			);
			dependencies = (
			);
			fileSystemSynchronizedGroups = (
				CDDAAA292E83BFE700E117E7 /* DataTypes */,
			);
			name = DataTypes;
			packageProductDependencies = (
			);
			productName = DataTypes;
			productReference = CDDAAA282E83BFE700E117E7 /* DataTypes */;
			productType = "com.apple.product-type.tool";
		};
		CDDAAABB2E83DBA000E117E7 /* ClassesAndObjects */ = {
			isa = PBXNativeTarget;
			buildConfigurationList = CDDAAAC22E83DBA000E117E7 /* Build configuration list for PBXNativeTarget "ClassesAndObjects" */;
			buildPhases = (
				CDDAAAB82E83DBA000E117E7 /* Sources */,
				CDDAAAB92E83DBA000E117E7 /* Frameworks */,
				CDDAAABA2E83DBA000E117E7 /* CopyFiles */,
			);
			buildRules = (
			);
			dependencies = (
			);
			fileSystemSynchronizedGroups = (
				CDDAAABD2E83DBA000E117E7 /* ClassesAndObjects */,
			);
			name = ClassesAndObjects;
			packageProductDependencies = (
			);
			productName = ClassesAndObjects;
			productReference = CDDAAABC2E83DBA000E117E7 /* ClassesAndObjects */;
			productType = "com.apple.product-type.tool";
		};
/* End PBXNativeTarget section */

/* Begin PBXProject section */
		CDDAAA042E83BD4B00E117E7 /* Project object */ = {
			isa = PBXProject;
			attributes = {
				BuildIndependentTargetsInParallel = 1;
				LastUpgradeCheck = 2600;
				TargetAttributes = {
					CDDAAA0B2E83BD4B00E117E7 = {
						CreatedOnToolsVersion = 26.0.1;
					};
					CDDAAA192E83BDB300E117E7 = {
						CreatedOnToolsVersion = 26.0.1;
					};
					CDDAAA272E83BFE700E117E7 = {
						CreatedOnToolsVersion = 26.0.1;
					};
					CDDAAABB2E83DBA000E117E7 = {
						CreatedOnToolsVersion = 26.0.1;
					};
				};
			};
			buildConfigurationList = CDDAAA072E83BD4B00E117E7 /* Build configuration list for PBXProject "Introduction" */;
			developmentRegion = en;
			hasScannedForEncodings = 0;
			knownRegions = (
				en,
				Base,
			);
			mainGroup = CDDAAA032E83BD4B00E117E7;
			minimizedProjectReferenceProxies = 1;
			preferredProjectObjectVersion = 77;
			productRefGroup = CDDAAA0D2E83BD4B00E117E7 /* Products */;
			projectDirPath = "";
			projectRoot = "";
			targets = (
				CDDAAA0B2E83BD4B00E117E7 /* Introduction */,
				CDDAAA192E83BDB300E117E7 /* Basics */,
				CDDAAA272E83BFE700E117E7 /* DataTypes */,
				CDDAAABB2E83DBA000E117E7 /* ClassesAndObjects */,
			);
		};
/* End PBXProject section */

/* Begin PBXSourcesBuildPhase section */
		CDDAAA082E83BD4B00E117E7 /* Sources */ = {
			isa = PBXSourcesBuildPhase;
			buildActionMask = 2147483647;
			files = (
			);
			runOnlyForDeploymentPostprocessing = 0;
		};
		CDDAAA162E83BDB300E117E7 /* Sources */ = {
			isa = PBXSourcesBuildPhase;
			buildActionMask = 2147483647;
			files = (
			);
			runOnlyForDeploymentPostprocessing = 0;
		};
		CDDAAA242E83BFE700E117E7 /* Sources */ = {
			isa = PBXSourcesBuildPhase;
			buildActionMask = 2147483647;
			files = (
			);
			runOnlyForDeploymentPostprocessing = 0;
		};
		CDDAAAB82E83DBA000E117E7 /* Sources */ = {
			isa = PBXSourcesBuildPhase;
			buildActionMask = 2147483647;
			files = (
			);
			runOnlyForDeploymentPostprocessing = 0;
		};
/* End PBXSourcesBuildPhase section */

/* Begin XCBuildConfiguration section */
		CDDAAA112E83BD4B00E117E7 /* Debug */ = {
			isa = XCBuildConfiguration;
			buildSettings = {
				ALWAYS_SEARCH_USER_PATHS = NO;
				ASSETCATALOG_COMPILER_GENERATE_SWIFT_ASSET_SYMBOL_EXTENSIONS = YES;
				CLANG_ANALYZER_NONNULL = YES;
				CLANG_ANALYZER_NUMBER_OBJECT_CONVERSION = YES_AGGRESSIVE;
				CLANG_CXX_LANGUAGE_STANDARD = "gnu++20";
				CLANG_ENABLE_MODULES = YES;
				CLANG_ENABLE_OBJC_ARC = YES;
				CLANG_ENABLE_OBJC_WEAK = YES;
				CLANG_WARN_BLOCK_CAPTURE_AUTORELEASING = YES;
				CLANG_WARN_BOOL_CONVERSION = YES;
				CLANG_WARN_COMMA = YES;
				CLANG_WARN_CONSTANT_CONVERSION = YES;
				CLANG_WARN_DEPRECATED_OBJC_IMPLEMENTATIONS = YES;
				CLANG_WARN_DIRECT_OBJC_ISA_USAGE = YES_ERROR;
				CLANG_WARN_DOCUMENTATION_COMMENTS = YES;
				CLANG_WARN_EMPTY_BODY = YES;
				CLANG_WARN_ENUM_CONVERSION = YES;
				CLANG_WARN_INFINITE_RECURSION = YES;
				CLANG_WARN_INT_CONVERSION = YES;
				CLANG_WARN_NON_LITERAL_NULL_CONVERSION = YES;
				CLANG_WARN_OBJC_IMPLICIT_RETAIN_SELF = YES;
				CLANG_WARN_OBJC_LITERAL_CONVERSION = YES;
				CLANG_WARN_OBJC_ROOT_CLASS = YES_ERROR;
				CLANG_WARN_QUOTED_INCLUDE_IN_FRAMEWORK_HEADER = YES;
				CLANG_WARN_RANGE_LOOP_ANALYSIS = YES;
				CLANG_WARN_STRICT_PROTOTYPES = YES;
				CLANG_WARN_SUSPICIOUS_MOVE = YES;
				CLANG_WARN_UNGUARDED_AVAILABILITY = YES_AGGRESSIVE;
				CLANG_WARN_UNREACHABLE_CODE = YES;
				CLANG_WARN__DUPLICATE_METHOD_MATCH = YES;
				COPY_PHASE_STRIP = NO;
				DEBUG_INFORMATION_FORMAT = dwarf;
				ENABLE_STRICT_OBJC_MSGSEND = YES;
				ENABLE_TESTABILITY = YES;
				ENABLE_USER_SCRIPT_SANDBOXING = YES;
				GCC_C_LANGUAGE_STANDARD = gnu17;
				GCC_DYNAMIC_NO_PIC = NO;
				GCC_NO_COMMON_BLOCKS = YES;
				GCC_OPTIMIZATION_LEVEL = 0;
				GCC_PREPROCESSOR_DEFINITIONS = (
					"DEBUG=1",
					"$(inherited)",
				);
				GCC_WARN_64_TO_32_BIT_CONVERSION = YES;
				GCC_WARN_ABOUT_RETURN_TYPE = YES_ERROR;
				GCC_WARN_UNDECLARED_SELECTOR = YES;
				GCC_WARN_UNINITIALIZED_AUTOS = YES_AGGRESSIVE;
				GCC_WARN_UNUSED_FUNCTION = YES;
				GCC_WARN_UNUSED_VARIABLE = YES;
				LOCALIZATION_PREFERS_STRING_CATALOGS = YES;
				MACOSX_DEPLOYMENT_TARGET = 15.7;
				MTL_ENABLE_DEBUG_INFO = INCLUDE_SOURCE;
				MTL_FAST_MATH = YES;
				ONLY_ACTIVE_ARCH = YES;
				SDKROOT = macosx;
			};
			name = Debug;
		};
		CDDAAA122E83BD4B00E117E7 /* Release */ = {
			isa = XCBuildConfiguration;
			buildSettings = {
				ALWAYS_SEARCH_USER_PATHS = NO;
				ASSETCATALOG_COMPILER_GENERATE_SWIFT_ASSET_SYMBOL_EXTENSIONS = YES;
				CLANG_ANALYZER_NONNULL = YES;
				CLANG_ANALYZER_NUMBER_OBJECT_CONVERSION = YES_AGGRESSIVE;
				CLANG_CXX_LANGUAGE_STANDARD = "gnu++20";
				CLANG_ENABLE_MODULES = YES;
				CLANG_ENABLE_OBJC_ARC = YES;
				CLANG_ENABLE_OBJC_WEAK = YES;
				CLANG_WARN_BLOCK_CAPTURE_AUTORELEASING = YES;
				CLANG_WARN_BOOL_CONVERSION = YES;
				CLANG_WARN_COMMA = YES;
				CLANG_WARN_CONSTANT_CONVERSION = YES;
				CLANG_WARN_DEPRECATED_OBJC_IMPLEMENTATIONS = YES;
				CLANG_WARN_DIRECT_OBJC_ISA_USAGE = YES_ERROR;
				CLANG_WARN_DOCUMENTATION_COMMENTS = YES;
				CLANG_WARN_EMPTY_BODY = YES;
				CLANG_WARN_ENUM_CONVERSION = YES;
				CLANG_WARN_INFINITE_RECURSION = YES;
				CLANG_WARN_INT_CONVERSION = YES;
				CLANG_WARN_NON_LITERAL_NULL_CONVERSION = YES;
				CLANG_WARN_OBJC_IMPLICIT_RETAIN_SELF = YES;
				CLANG_WARN_OBJC_LITERAL_CONVERSION = YES;
				CLANG_WARN_OBJC_ROOT_CLASS = YES_ERROR;
				CLANG_WARN_QUOTED_INCLUDE_IN_FRAMEWORK_HEADER = YES;
				CLANG_WARN_RANGE_LOOP_ANALYSIS = YES;
				CLANG_WARN_STRICT_PROTOTYPES = YES;
				CLANG_WARN_SUSPICIOUS_MOVE = YES;
				CLANG_WARN_UNGUARDED_AVAILABILITY = YES_AGGRESSIVE;
				CLANG_WARN_UNREACHABLE_CODE = YES;
				CLANG_WARN__DUPLICATE_METHOD_MATCH = YES;
				COPY_PHASE_STRIP = NO;
				DEBUG_INFORMATION_FORMAT = "dwarf-with-dsym";
				ENABLE_NS_ASSERTIONS = NO;
				ENABLE_STRICT_OBJC_MSGSEND = YES;
				ENABLE_USER_SCRIPT_SANDBOXING = YES;
				GCC_C_LANGUAGE_STANDARD = gnu17;
				GCC_NO_COMMON_BLOCKS = YES;
				GCC_WARN_64_TO_32_BIT_CONVERSION = YES;
				GCC_WARN_ABOUT_RETURN_TYPE = YES_ERROR;
				GCC_WARN_UNDECLARED_SELECTOR = YES;
				GCC_WARN_UNINITIALIZED_AUTOS = YES_AGGRESSIVE;
				GCC_WARN_UNUSED_FUNCTION = YES;
				GCC_WARN_UNUSED_VARIABLE = YES;
				LOCALIZATION_PREFERS_STRING_CATALOGS = YES;
				MACOSX_DEPLOYMENT_TARGET = 15.7;
				MTL_ENABLE_DEBUG_INFO = NO;
				MTL_FAST_MATH = YES;
				SDKROOT = macosx;
			};
			name = Release;
		};
		CDDAAA142E83BD4B00E117E7 /* Debug */ = {
			isa = XCBuildConfiguration;
			buildSettings = {
				CODE_SIGN_STYLE = Automatic;
				PRODUCT_NAME = "$(TARGET_NAME)";
			};
			name = Debug;
		};
		CDDAAA152E83BD4B00E117E7 /* Release */ = {
			isa = XCBuildConfiguration;
			buildSettings = {
				CODE_SIGN_STYLE = Automatic;
				PRODUCT_NAME = "$(TARGET_NAME)";
			};
			name = Release;
		};
		CDDAAA1F2E83BDB300E117E7 /* Debug */ = {
			isa = XCBuildConfiguration;
			buildSettings = {
				CODE_SIGN_STYLE = Automatic;
				PRODUCT_NAME = "$(TARGET_NAME)";
			};
			name = Debug;
		};
		CDDAAA202E83BDB300E117E7 /* Release */ = {
			isa = XCBuildConfiguration;
			buildSettings = {
				CODE_SIGN_STYLE = Automatic;
				PRODUCT_NAME = "$(TARGET_NAME)";
			};
			name = Release;
		};
		CDDAAA2D2E83BFE700E117E7 /* Debug */ = {
			isa = XCBuildConfiguration;
			buildSettings = {
				CODE_SIGN_STYLE = Automatic;
				PRODUCT_NAME = "$(TARGET_NAME)";
			};
			name = Debug;
		};
		CDDAAA2E2E83BFE700E117E7 /* Release */ = {
			isa = XCBuildConfiguration;
			buildSettings = {
				CODE_SIGN_STYLE = Automatic;
				PRODUCT_NAME = "$(TARGET_NAME)";
			};
			name = Release;
		};
		CDDAAAC02E83DBA000E117E7 /* Debug */ = {
			isa = XCBuildConfiguration;
			buildSettings = {
				CODE_SIGN_STYLE = Automatic;
				PRODUCT_NAME = "$(TARGET_NAME)";
			};
			name = Debug;
		};
		CDDAAAC12E83DBA000E117E7 /* Release */ = {
			isa = XCBuildConfiguration;
			buildSettings = {
				CODE_SIGN_STYLE = Automatic;
				PRODUCT_NAME = "$(TARGET_NAME)";
			};
			name = Release;
		};
/* End XCBuildConfiguration section */

/* Begin XCConfigurationList section */
		CDDAAA072E83BD4B00E117E7 /* Build configuration list for PBXProject "Introduction" */ = {
			isa = XCConfigurationList;
			buildConfigurations = (
				CDDAAA112E83BD4B00E117E7 /* Debug */,
				CDDAAA122E83BD4B00E117E7 /* Release */,
			);
			defaultConfigurationIsVisible = 0;
			defaultConfigurationName = Release;
		};
		CDDAAA132E83BD4B00E117E7 /* Build configuration list for PBXNativeTarget "Introduction" */ = {
			isa = XCConfigurationList;
			buildConfigurations = (
				CDDAAA142E83BD4B00E117E7 /* Debug */,
				CDDAAA152E83BD4B00E117E7 /* Release */,
			);
			defaultConfigurationIsVisible = 0;
			defaultConfigurationName = Release;
		};
		CDDAAA1E2E83BDB300E117E7 /* Build configuration list for PBXNativeTarget "Basics" */ = {
			isa = XCConfigurationList;
			buildConfigurations = (
				CDDAAA1F2E83BDB300E117E7 /* Debug */,
				CDDAAA202E83BDB300E117E7 /* Release */,
			);
			defaultConfigurationIsVisible = 0;
			defaultConfigurationName = Release;
		};
		CDDAAA2C2E83BFE700E117E7 /* Build configuration list for PBXNativeTarget "DataTypes" */ = {
			isa = XCConfigurationList;
			buildConfigurations = (
				CDDAAA2D2E83BFE700E117E7 /* Debug */,
				CDDAAA2E2E83BFE700E117E7 /* Release */,
			);
			defaultConfigurationIsVisible = 0;
			defaultConfigurationName = Release;
		};
		CDDAAAC22E83DBA000E117E7 /* Build configuration list for PBXNativeTarget "ClassesAndObjects" */ = {
			isa = XCConfigurationList;
			buildConfigurations = (
				CDDAAAC02E83DBA000E117E7 /* Debug */,
				CDDAAAC12E83DBA000E117E7 /* Release */,
			);
			defaultConfigurationIsVisible = 0;
			defaultConfigurationName = Release;
		};
/* End XCConfigurationList section */
	};
	rootObject = CDDAAA042E83BD4B00E117E7 /* Project object */;
}
